
Microsoft Visual Studio Solution File, Format Version 12.00
# Visual Studio Version 16
VisualStudioVersion = 16.0.32602.291
MinimumVisualStudioVersion = 10.0.40219.1
Project("{FAE04EC0-301F-11D3-BF4B-00C04F79EFBC}") = "CauchyProblem", "CauchyProblem.csproj", "{BFB54831-2B7B-495C-8971-741C0C118BC5}"
EndProject
Global
	GlobalSection(SolutionConfigurationPlatforms) = preSolution
		Debug|Any CPU = Debug|Any CPU
		Release|Any CPU = Release|Any CPU
	EndGlobalSection
	GlobalSection(ProjectConfigurationPlatforms) = postSolution
		{BFB54831-2B7B-495C-8971-741C0C118BC5}.Debug|Any CPU.ActiveCfg = Debug|Any CPU
		{BFB54831-2B7B-495C-8971-741C0C118BC5}.Debug|Any CPU.Build.0 = Debug|Any CPU
		{BFB54831-2B7B-495C-8971-741C0C118BC5}.Release|Any CPU.ActiveCfg = Release|Any CPU
		{BFB54831-2B7B-495C-8971-741C0C118BC5}.Release|Any CPU.Build.0 = Release|Any CPU
	EndGlobalSection
	GlobalSection(SolutionProperties) = preSolution
		HideSolutionNode = FALSE
	EndGlobalSection
	GlobalSection(ExtensibilityGlobals) = postSolution
		SolutionGuid = {06CE2757-B991-4653-8BBE-B769ECF2C0AD}
	EndGlobalSection
EndGlobal
